
Microsoft Visual Studio Solution File, Format Version 12.00
# Visual Studio Version 17
VisualStudioVersion = 17.7.34202.233
MinimumVisualStudioVersion = 10.0.40219.1
Project("{2150E333-8FDC-42A3-9474-1A3956D46DE8}") = "src", "src", "{67EFC7AD-7A2F-4E82-AE08-854B47A33332}"
EndProject
Project("{2150E333-8FDC-42A3-9474-1A3956D46DE8}") = "Services", "Services", "{40BD36EF-52A6-4898-9515-E069BB37839C}"
EndProject
Project("{2150E333-8FDC-42A3-9474-1A3956D46DE8}") = "Building Blocks", "Building Blocks", "{505104CC-7F9D-45FE-AA99-2A12F0D9519F}"
EndProject
Project("{2150E333-8FDC-42A3-9474-1A3956D46DE8}") = "Identidade", "Identidade", "{2F24F802-80BE-42A3-A6F1-7BA1D5D65058}"
EndProject
Project("{9A19103F-16F7-4668-BE54-9A1E7A4F7556}") = "Ponta.Identidade.API", "src\services\Ponta.Identidade.API\Ponta.Identidade.API.csproj", "{56C49842-2447-4CA4-B1DC-845D4931E74F}"
EndProject
Project("{2150E333-8FDC-42A3-9474-1A3956D46DE8}") = "Services", "Services", "{93CE523E-F0B0-48BD-ABD1-DDC55003DD0C}"
EndProject
Project("{9A19103F-16F7-4668-BE54-9A1E7A4F7556}") = "Ponta.WebAPI.Core", "src\building blocks\Ponta.WebAPI.Core\Ponta.WebAPI.Core.csproj", "{A9FAEC9D-D8D5-4E4B-9F7B-515A6ABC2C43}"
EndProject
Project("{2150E333-8FDC-42A3-9474-1A3956D46DE8}") = "Tarefas", "Tarefas", "{4BB2B2A5-67B5-4D5F-B794-B2822FBFFECF}"
EndProject
Project("{9A19103F-16F7-4668-BE54-9A1E7A4F7556}") = "Ponta.Tarefas.API", "src\services\Ponta.Tarefas.API\Ponta.Tarefas.API.csproj", "{86E8AACF-D572-40C5-97BB-34C8A0EFF0F2}"
EndProject
Project("{2150E333-8FDC-42A3-9474-1A3956D46DE8}") = "Core", "Core", "{6F6A33FB-D292-4A0C-B05A-92919A59E7D0}"
EndProject
Project("{9A19103F-16F7-4668-BE54-9A1E7A4F7556}") = "Ponta.Core", "src\building blocks\Ponta.Core\Ponta.Core.csproj", "{494A8E94-E408-4702-A269-8AA339BE8C74}"
EndProject
Project("{FAE04EC0-301F-11D3-BF4B-00C04F79EFBC}") = "Ponta.Tarefas.Domain", "src\services\Ponta.Tarefas.Domain\Ponta.Tarefas.Domain.csproj", "{1061B679-F885-4D4C-9FF3-8C9D0D657FF8}"
EndProject
Project("{FAE04EC0-301F-11D3-BF4B-00C04F79EFBC}") = "Ponta.Tarefas.Infra", "src\services\Ponta.Tarefas.Infra\Ponta.Tarefas.Infra.csproj", "{013C4C64-B3DE-42B1-ADFB-5AFB5F43BFEE}"
EndProject
Global
	GlobalSection(SolutionConfigurationPlatforms) = preSolution
		Debug|Any CPU = Debug|Any CPU
		Release|Any CPU = Release|Any CPU
	EndGlobalSection
	GlobalSection(ProjectConfigurationPlatforms) = postSolution
		{56C49842-2447-4CA4-B1DC-845D4931E74F}.Debug|Any CPU.ActiveCfg = Debug|Any CPU
		{56C49842-2447-4CA4-B1DC-845D4931E74F}.Debug|Any CPU.Build.0 = Debug|Any CPU
		{56C49842-2447-4CA4-B1DC-845D4931E74F}.Release|Any CPU.ActiveCfg = Release|Any CPU
		{56C49842-2447-4CA4-B1DC-845D4931E74F}.Release|Any CPU.Build.0 = Release|Any CPU
		{A9FAEC9D-D8D5-4E4B-9F7B-515A6ABC2C43}.Debug|Any CPU.ActiveCfg = Debug|Any CPU
		{A9FAEC9D-D8D5-4E4B-9F7B-515A6ABC2C43}.Debug|Any CPU.Build.0 = Debug|Any CPU
		{A9FAEC9D-D8D5-4E4B-9F7B-515A6ABC2C43}.Release|Any CPU.ActiveCfg = Release|Any CPU
		{A9FAEC9D-D8D5-4E4B-9F7B-515A6ABC2C43}.Release|Any CPU.Build.0 = Release|Any CPU
		{86E8AACF-D572-40C5-97BB-34C8A0EFF0F2}.Debug|Any CPU.ActiveCfg = Debug|Any CPU
		{86E8AACF-D572-40C5-97BB-34C8A0EFF0F2}.Debug|Any CPU.Build.0 = Debug|Any CPU
		{86E8AACF-D572-40C5-97BB-34C8A0EFF0F2}.Release|Any CPU.ActiveCfg = Release|Any CPU
		{86E8AACF-D572-40C5-97BB-34C8A0EFF0F2}.Release|Any CPU.Build.0 = Release|Any CPU
		{494A8E94-E408-4702-A269-8AA339BE8C74}.Debug|Any CPU.ActiveCfg = Debug|Any CPU
		{494A8E94-E408-4702-A269-8AA339BE8C74}.Debug|Any CPU.Build.0 = Debug|Any CPU
		{494A8E94-E408-4702-A269-8AA339BE8C74}.Release|Any CPU.ActiveCfg = Release|Any CPU
		{494A8E94-E408-4702-A269-8AA339BE8C74}.Release|Any CPU.Build.0 = Release|Any CPU
		{1061B679-F885-4D4C-9FF3-8C9D0D657FF8}.Debug|Any CPU.ActiveCfg = Debug|Any CPU
		{1061B679-F885-4D4C-9FF3-8C9D0D657FF8}.Debug|Any CPU.Build.0 = Debug|Any CPU
		{1061B679-F885-4D4C-9FF3-8C9D0D657FF8}.Release|Any CPU.ActiveCfg = Release|Any CPU
		{1061B679-F885-4D4C-9FF3-8C9D0D657FF8}.Release|Any CPU.Build.0 = Release|Any CPU
		{013C4C64-B3DE-42B1-ADFB-5AFB5F43BFEE}.Debug|Any CPU.ActiveCfg = Debug|Any CPU
		{013C4C64-B3DE-42B1-ADFB-5AFB5F43BFEE}.Debug|Any CPU.Build.0 = Debug|Any CPU
		{013C4C64-B3DE-42B1-ADFB-5AFB5F43BFEE}.Release|Any CPU.ActiveCfg = Release|Any CPU
		{013C4C64-B3DE-42B1-ADFB-5AFB5F43BFEE}.Release|Any CPU.Build.0 = Release|Any CPU
	EndGlobalSection
	GlobalSection(SolutionProperties) = preSolution
		HideSolutionNode = FALSE
	EndGlobalSection
	GlobalSection(NestedProjects) = preSolution
		{40BD36EF-52A6-4898-9515-E069BB37839C} = {67EFC7AD-7A2F-4E82-AE08-854B47A33332}
		{505104CC-7F9D-45FE-AA99-2A12F0D9519F} = {67EFC7AD-7A2F-4E82-AE08-854B47A33332}
		{2F24F802-80BE-42A3-A6F1-7BA1D5D65058} = {40BD36EF-52A6-4898-9515-E069BB37839C}
		{56C49842-2447-4CA4-B1DC-845D4931E74F} = {2F24F802-80BE-42A3-A6F1-7BA1D5D65058}
		{93CE523E-F0B0-48BD-ABD1-DDC55003DD0C} = {505104CC-7F9D-45FE-AA99-2A12F0D9519F}
		{A9FAEC9D-D8D5-4E4B-9F7B-515A6ABC2C43} = {93CE523E-F0B0-48BD-ABD1-DDC55003DD0C}
		{4BB2B2A5-67B5-4D5F-B794-B2822FBFFECF} = {40BD36EF-52A6-4898-9515-E069BB37839C}
		{86E8AACF-D572-40C5-97BB-34C8A0EFF0F2} = {4BB2B2A5-67B5-4D5F-B794-B2822FBFFECF}
		{6F6A33FB-D292-4A0C-B05A-92919A59E7D0} = {505104CC-7F9D-45FE-AA99-2A12F0D9519F}
		{494A8E94-E408-4702-A269-8AA339BE8C74} = {6F6A33FB-D292-4A0C-B05A-92919A59E7D0}
		{1061B679-F885-4D4C-9FF3-8C9D0D657FF8} = {4BB2B2A5-67B5-4D5F-B794-B2822FBFFECF}
		{013C4C64-B3DE-42B1-ADFB-5AFB5F43BFEE} = {4BB2B2A5-67B5-4D5F-B794-B2822FBFFECF}
	EndGlobalSection
	GlobalSection(ExtensibilityGlobals) = postSolution
		SolutionGuid = {0B79BFAF-ADD9-4F98-9282-98B37D303563}
	EndGlobalSection
EndGlobal
